
Microsoft Visual Studio Solution File, Format Version 12.00
# Visual Studio Version 17
VisualStudioVersion = 17.5.002.0
MinimumVisualStudioVersion = 10.0.40219.1
Project("{9A19103F-16F7-4668-BE54-9A1E7A4F7556}") = "Play.Inventory.Service", "Play.Inventory.Service.csproj", "{5B328EB7-E3D3-4995-B8FA-18D9E30BE4C2}"
EndProject
Global
	GlobalSection(SolutionConfigurationPlatforms) = preSolution
		Debug|Any CPU = Debug|Any CPU
		Release|Any CPU = Release|Any CPU
	EndGlobalSection
	GlobalSection(ProjectConfigurationPlatforms) = postSolution
		{5B328EB7-E3D3-4995-B8FA-18D9E30BE4C2}.Debug|Any CPU.ActiveCfg = Debug|Any CPU
		{5B328EB7-E3D3-4995-B8FA-18D9E30BE4C2}.Debug|Any CPU.Build.0 = Debug|Any CPU
		{5B328EB7-E3D3-4995-B8FA-18D9E30BE4C2}.Release|Any CPU.ActiveCfg = Release|Any CPU
		{5B328EB7-E3D3-4995-B8FA-18D9E30BE4C2}.Release|Any CPU.Build.0 = Release|Any CPU
	EndGlobalSection
	GlobalSection(SolutionProperties) = preSolution
		HideSolutionNode = FALSE
	EndGlobalSection
	GlobalSection(ExtensibilityGlobals) = postSolution
		SolutionGuid = {DF01886F-8AD5-45AC-94EC-187445233783}
	EndGlobalSection
EndGlobal
